
Microsoft Visual Studio Solution File, Format Version 12.00
# Visual Studio 15
VisualStudioVersion = 15.0.28307.168
MinimumVisualStudioVersion = 10.0.40219.1
Project("{FAE04EC0-301F-11D3-BF4B-00C04F79EFBC}") = "Bioskop", "Bioskop\Bioskop.csproj", "{248DB760-19F1-4453-B92B-471BA2C02A86}"
EndProject
Global
	GlobalSection(SolutionConfigurationPlatforms) = preSolution
		Debug|Any CPU = Debug|Any CPU
		Release|Any CPU = Release|Any CPU
	EndGlobalSection
	GlobalSection(ProjectConfigurationPlatforms) = postSolution
		{248DB760-19F1-4453-B92B-471BA2C02A86}.Debug|Any CPU.ActiveCfg = Debug|Any CPU
		{248DB760-19F1-4453-B92B-471BA2C02A86}.Debug|Any CPU.Build.0 = Debug|Any CPU
		{248DB760-19F1-4453-B92B-471BA2C02A86}.Release|Any CPU.ActiveCfg = Release|Any CPU
		{248DB760-19F1-4453-B92B-471BA2C02A86}.Release|Any CPU.Build.0 = Release|Any CPU
	EndGlobalSection
	GlobalSection(SolutionProperties) = preSolution
		HideSolutionNode = FALSE
	EndGlobalSection
	GlobalSection(ExtensibilityGlobals) = postSolution
		SolutionGuid = {F6545214-5318-469A-8E04-FA4716BDA762}
	EndGlobalSection
EndGlobal
